dependencies:
- name: spinnaker
  repository: https://kubernetes-charts.storage.googleapis.com/
  version: 1.23.0
- name: kubernetes-dashboard
  repository: https://kubernetes-charts.storage.googleapis.com/
  version: 1.10.1
- name: jenkins
  repository: https://kubernetes-charts.storage.googleapis.com/
  version: 1.9.16
digest: sha256:a95a140defef3ede34045012bdbe716b1a36457494548c37ff15c7ba0cedad60
generated: "2020-01-17T12:10:39.364397303-08:00"
